
Microsoft Visual Studio Solution File, Format Version 12.00
# Visual Studio 15
VisualStudioVersion = 15.0.26124.0
MinimumVisualStudioVersion = 15.0.26124.0
Project("{FAE04EC0-301F-11D3-BF4B-00C04F79EFBC}") = "Rubidium", "Rubidium\Rubidium.csproj", "{A9FF60F8-D030-4527-81A6-5572BCAE0867}"
EndProject
Project("{FAE04EC0-301F-11D3-BF4B-00C04F79EFBC}") = "Rubidium.Tests", "Rubidium.Tests\Rubidium.Tests.csproj", "{4BB84BFA-DADA-4419-9AA8-BFFFB61802AB}"
EndProject
Global
	GlobalSection(SolutionConfigurationPlatforms) = preSolution
		Debug|Any CPU = Debug|Any CPU
		Debug|x64 = Debug|x64
		Debug|x86 = Debug|x86
		Release|Any CPU = Release|Any CPU
		Release|x64 = Release|x64
		Release|x86 = Release|x86
	EndGlobalSection
	GlobalSection(SolutionProperties) = preSolution
		HideSolutionNode = FALSE
	EndGlobalSection
	GlobalSection(ProjectConfigurationPlatforms) = postSolution
		{A9FF60F8-D030-4527-81A6-5572BCAE0867}.Debug|Any CPU.ActiveCfg = Debug|Any CPU
		{A9FF60F8-D030-4527-81A6-5572BCAE0867}.Debug|Any CPU.Build.0 = Debug|Any CPU
		{A9FF60F8-D030-4527-81A6-5572BCAE0867}.Debug|x64.ActiveCfg = Debug|Any CPU
		{A9FF60F8-D030-4527-81A6-5572BCAE0867}.Debug|x64.Build.0 = Debug|Any CPU
		{A9FF60F8-D030-4527-81A6-5572BCAE0867}.Debug|x86.ActiveCfg = Debug|Any CPU
		{A9FF60F8-D030-4527-81A6-5572BCAE0867}.Debug|x86.Build.0 = Debug|Any CPU
		{A9FF60F8-D030-4527-81A6-5572BCAE0867}.Release|Any CPU.ActiveCfg = Release|Any CPU
		{A9FF60F8-D030-4527-81A6-5572BCAE0867}.Release|Any CPU.Build.0 = Release|Any CPU
		{A9FF60F8-D030-4527-81A6-5572BCAE0867}.Release|x64.ActiveCfg = Release|Any CPU
		{A9FF60F8-D030-4527-81A6-5572BCAE0867}.Release|x64.Build.0 = Release|Any CPU
		{A9FF60F8-D030-4527-81A6-5572BCAE0867}.Release|x86.ActiveCfg = Release|Any CPU
		{A9FF60F8-D030-4527-81A6-5572BCAE0867}.Release|x86.Build.0 = Release|Any CPU
		{4BB84BFA-DADA-4419-9AA8-BFFFB61802AB}.Debug|Any CPU.ActiveCfg = Debug|Any CPU
		{4BB84BFA-DADA-4419-9AA8-BFFFB61802AB}.Debug|Any CPU.Build.0 = Debug|Any CPU
		{4BB84BFA-DADA-4419-9AA8-BFFFB61802AB}.Debug|x64.ActiveCfg = Debug|Any CPU
		{4BB84BFA-DADA-4419-9AA8-BFFFB61802AB}.Debug|x64.Build.0 = Debug|Any CPU
		{4BB84BFA-DADA-4419-9AA8-BFFFB61802AB}.Debug|x86.ActiveCfg = Debug|Any CPU
		{4BB84BFA-DADA-4419-9AA8-BFFFB61802AB}.Debug|x86.Build.0 = Debug|Any CPU
		{4BB84BFA-DADA-4419-9AA8-BFFFB61802AB}.Release|Any CPU.ActiveCfg = Release|Any CPU
		{4BB84BFA-DADA-4419-9AA8-BFFFB61802AB}.Release|Any CPU.Build.0 = Release|Any CPU
		{4BB84BFA-DADA-4419-9AA8-BFFFB61802AB}.Release|x64.ActiveCfg = Release|Any CPU
		{4BB84BFA-DADA-4419-9AA8-BFFFB61802AB}.Release|x64.Build.0 = Release|Any CPU
		{4BB84BFA-DADA-4419-9AA8-BFFFB61802AB}.Release|x86.ActiveCfg = Release|Any CPU
		{4BB84BFA-DADA-4419-9AA8-BFFFB61802AB}.Release|x86.Build.0 = Release|Any CPU
	EndGlobalSection
EndGlobal
